github.com/mjl-/sconf v0.0.8 h1:xmTVjp+9rvKEpItYF+Mi6yt56F5z2VtBqqgOk6JnuRc=
github.com/mjl-/sconf v0.0.8/go.mod h1:uF8OdWtLT8La3i4ln176i1pB0ps9pXGCaABEU55ZkE0=
github.com/mjl-/xfmt v0.0.2 h1:6dLgd6U3bmDJKtTxsaSYYyMaORoO4hKBAJo4XKkPRko=
github.com/mjl-/xfmt v0.0.2/go.mod h1:DIEOLmETMQHHr4OgwPG7iC37rDiN9MaZIZxNm5hBtL8=
